
Microsoft Visual Studio Solution File, Format Version 12.00
# Visual Studio Version 16
VisualStudioVersion = 16.0.30114.105
MinimumVisualStudioVersion = 10.0.40219.1
Project("{FAE04EC0-301F-11D3-BF4B-00C04F79EFBC}") = "CodeAnalyzing", "CodeAnalyzing\CodeAnalyzing.csproj", "{AB98FA44-9448-41BB-8D4D-E128FB40B86F}"
EndProject
Global
	GlobalSection(SolutionConfigurationPlatforms) = preSolution
		Debug|Any CPU = Debug|Any CPU
		Release|Any CPU = Release|Any CPU
	EndGlobalSection
	GlobalSection(SolutionProperties) = preSolution
		HideSolutionNode = FALSE
	EndGlobalSection
	GlobalSection(ProjectConfigurationPlatforms) = postSolution
		{AB98FA44-9448-41BB-8D4D-E128FB40B86F}.Debug|Any CPU.ActiveCfg = Debug|Any CPU
		{AB98FA44-9448-41BB-8D4D-E128FB40B86F}.Debug|Any CPU.Build.0 = Debug|Any CPU
		{AB98FA44-9448-41BB-8D4D-E128FB40B86F}.Release|Any CPU.ActiveCfg = Release|Any CPU
		{AB98FA44-9448-41BB-8D4D-E128FB40B86F}.Release|Any CPU.Build.0 = Release|Any CPU
	EndGlobalSection
EndGlobal
